// !$*UTF8*$!
{
	archiveVersion = 1;
	classes = {
	};
	objectVersion = 77;
	objects = {

/* Begin PBXBuildFile section */
		05596BFA2E196BB90001384E /* MultiDataKit.xcframework in Frameworks */ = {isa = PBXBuildFile; fileRef = 05596BF92E196BB90001384E /* MultiDataKit.xcframework */; };
		05596BFD2E196BCF0001384E /* MultiDataKit.xcframework in Frameworks */ = {isa = PBXBuildFile; fileRef = 05596BF92E196BB90001384E /* MultiDataKit.xcframework */; };
		05596C012E196C020001384E /* ALFrame.swift in Sources */ = {isa = PBXBuildFile; fileRef = 05596C002E196C020001384E /* ALFrame.swift */; };
		05596C022E196C030001384E /* ALFrame.swift in Sources */ = {isa = PBXBuildFile; fileRef = 05596C002E196C020001384E /* ALFrame.swift */; };
		05596C172E1971440001384E /* ALFrameParser.swift in Sources */ = {isa = PBXBuildFile; fileRef = 05596C162E1971440001384E /* ALFrameParser.swift */; };
		05596C182E1971440001384E /* ALFrameParser.swift in Sources */ = {isa = PBXBuildFile; fileRef = 05596C162E1971440001384E /* ALFrameParser.swift */; };
		05A6F2762E1AB6A5005A41E5 /* ALFrameDumper.swift in Sources */ = {isa = PBXBuildFile; fileRef = 05A6F2752E1AB6A5005A41E5 /* ALFrameDumper.swift */; };
		05A6F2772E1AB6A5005A41E5 /* ALFrameDumper.swift in Sources */ = {isa = PBXBuildFile; fileRef = 05A6F2752E1AB6A5005A41E5 /* ALFrameDumper.swift */; };
/* End PBXBuildFile section */

/* Begin PBXContainerItemProxy section */
		05596BF42E196B140001384E /* PBXContainerItemProxy */ = {
			isa = PBXContainerItemProxy;
			containerPortal = 056B2FAE2E0A4F52004E0EFC /* Project object */;
			proxyType = 1;
			remoteGlobalIDString = 051A82B82E196A54004A9C4B;
			remoteInfo = ArisiaScript_iOS;
		};
		05596BF62E196B140001384E /* PBXContainerItemProxy */ = {
			isa = PBXContainerItemProxy;
			containerPortal = 056B2FAE2E0A4F52004E0EFC /* Project object */;
			proxyType = 1;
			remoteGlobalIDString = 056B2FB62E0A4F52004E0EFC;
			remoteInfo = ArisiaScript_macOS;
		};
		05A6F26D2E1AB2FB005A41E5 /* PBXContainerItemProxy */ = {
			isa = PBXContainerItemProxy;
			containerPortal = 056B2FAE2E0A4F52004E0EFC /* Project object */;
			proxyType = 1;
			remoteGlobalIDString = 05596BF02E196B090001384E;
			remoteInfo = Install;
		};
/* End PBXContainerItemProxy section */

/* Begin PBXCopyFilesBuildPhase section */
		05A6F2642E1AB2EA005A41E5 /* CopyFiles */ = {
			isa = PBXCopyFilesBuildPhase;
			buildActionMask = 2147483647;
			dstPath = /usr/share/man/man1/;
			dstSubfolderSpec = 0;
			files = (
			);
			runOnlyForDeploymentPostprocessing = 1;
		};
/* End PBXCopyFilesBuildPhase section */

/* Begin PBXFileReference section */
		051A82B92E196A54004A9C4B /* ArisiaScript.framework */ = {isa = PBXFileReference; explicitFileType = wrapper.framework; includeInIndex = 0; path = ArisiaScript.framework; sourceTree = BUILT_PRODUCTS_DIR; };
		05596BF92E196BB90001384E /* MultiDataKit.xcframework */ = {isa = PBXFileReference; lastKnownFileType = wrapper.xcframework; name = MultiDataKit.xcframework; path = ../../../Library/Frameworks/MultiDataKit.xcframework; sourceTree = "<group>"; };
		05596C002E196C020001384E /* ALFrame.swift */ = {isa = PBXFileReference; lastKnownFileType = sourcecode.swift; path = ALFrame.swift; sourceTree = "<group>"; };
		05596C162E1971440001384E /* ALFrameParser.swift */ = {isa = PBXFileReference; lastKnownFileType = sourcecode.swift; path = ALFrameParser.swift; sourceTree = "<group>"; };
		056B2FB72E0A4F52004E0EFC /* ArisiaScript.framework */ = {isa = PBXFileReference; explicitFileType = wrapper.framework; includeInIndex = 0; path = ArisiaScript.framework; sourceTree = BUILT_PRODUCTS_DIR; };
		05A6F2662E1AB2EA005A41E5 /* UnitTest */ = {isa = PBXFileReference; explicitFileType = "compiled.mach-o.executable"; includeInIndex = 0; path = UnitTest; sourceTree = BUILT_PRODUCTS_DIR; };
		05A6F2722E1AB329005A41E5 /* ArisiaScript.xcframework */ = {isa = PBXFileReference; lastKnownFileType = wrapper.xcframework; name = ArisiaScript.xcframework; path = ../../../Library/Frameworks/ArisiaScript.xcframework; sourceTree = "<group>"; };
		05A6F2752E1AB6A5005A41E5 /* ALFrameDumper.swift */ = {isa = PBXFileReference; lastKnownFileType = sourcecode.swift; path = ALFrameDumper.swift; sourceTree = "<group>"; };
/* End PBXFileReference section */

/* Begin PBXFileSystemSynchronizedRootGroup section */
		051A82BA2E196A54004A9C4B /* ArisiaScript_iOS */ = {
			isa = PBXFileSystemSynchronizedRootGroup;
			path = ArisiaScript_iOS;
			sourceTree = "<group>";
		};
		056B2FB92E0A4F52004E0EFC /* ArisiaScript_macOS */ = {
			isa = PBXFileSystemSynchronizedRootGroup;
			path = ArisiaScript_macOS;
			sourceTree = "<group>";
		};
		05A6F2672E1AB2EA005A41E5 /* UnitTest */ = {
			isa = PBXFileSystemSynchronizedRootGroup;
			path = UnitTest;
			sourceTree = "<group>";
		};
/* End PBXFileSystemSynchronizedRootGroup section */

/* Begin PBXFrameworksBuildPhase section */
		051A82B62E196A54004A9C4B /* Frameworks */ = {
			isa = PBXFrameworksBuildPhase;
			buildActionMask = 2147483647;
			files = (
				05596BFD2E196BCF0001384E /* MultiDataKit.xcframework in Frameworks */,
			);
			runOnlyForDeploymentPostprocessing = 0;
		};
		056B2FB42E0A4F52004E0EFC /* Frameworks */ = {
			isa = PBXFrameworksBuildPhase;
			buildActionMask = 2147483647;
			files = (
				05596BFA2E196BB90001384E /* MultiDataKit.xcframework in Frameworks */,
			);
			runOnlyForDeploymentPostprocessing = 0;
		};
		05A6F2632E1AB2EA005A41E5 /* Frameworks */ = {
			isa = PBXFrameworksBuildPhase;
			buildActionMask = 2147483647;
			files = (
			);
			runOnlyForDeploymentPostprocessing = 0;
		};
/* End PBXFrameworksBuildPhase section */

/* Begin PBXGroup section */
		051A82B32E19698A004A9C4B /* Data */ = {
			isa = PBXGroup;
			children = (
				05596C002E196C020001384E /* ALFrame.swift */,
			);
			path = Data;
			sourceTree = "<group>";
		};
		05596BF82E196BB90001384E /* Frameworks */ = {
			isa = PBXGroup;
			children = (
				05A6F2722E1AB329005A41E5 /* ArisiaScript.xcframework */,
				05596BF92E196BB90001384E /* MultiDataKit.xcframework */,
			);
			name = Frameworks;
			sourceTree = "<group>";
		};
		05596C152E19712F0001384E /* Parser */ = {
			isa = PBXGroup;
			children = (
				05596C162E1971440001384E /* ALFrameParser.swift */,
				05A6F2752E1AB6A5005A41E5 /* ALFrameDumper.swift */,
			);
			path = Parser;
			sourceTree = "<group>";
		};
		056B2FAD2E0A4F52004E0EFC = {
			isa = PBXGroup;
			children = (
				051A82BA2E196A54004A9C4B /* ArisiaScript_iOS */,
				056B2FB92E0A4F52004E0EFC /* ArisiaScript_macOS */,
				058859282E0A4FA700DF6555 /* Source */,
				05A6F2612E1AB28E005A41E5 /* Test */,
				05596BF82E196BB90001384E /* Frameworks */,
				056B2FB82E0A4F52004E0EFC /* Products */,
			);
			sourceTree = "<group>";
		};
		056B2FB82E0A4F52004E0EFC /* Products */ = {
			isa = PBXGroup;
			children = (
				056B2FB72E0A4F52004E0EFC /* ArisiaScript.framework */,
				051A82B92E196A54004A9C4B /* ArisiaScript.framework */,
				05A6F2662E1AB2EA005A41E5 /* UnitTest */,
			);
			name = Products;
			sourceTree = "<group>";
		};
		058859282E0A4FA700DF6555 /* Source */ = {
			isa = PBXGroup;
			children = (
				051A82B32E19698A004A9C4B /* Data */,
				05596C152E19712F0001384E /* Parser */,
			);
			name = Source;
			path = ../Source;
			sourceTree = "<group>";
		};
		05A6F2612E1AB28E005A41E5 /* Test */ = {
			isa = PBXGroup;
			children = (
				05A6F2672E1AB2EA005A41E5 /* UnitTest */,
			);
			name = Test;
			path = ../Test;
			sourceTree = "<group>";
		};
/* End PBXGroup section */

/* Begin PBXHeadersBuildPhase section */
		051A82B42E196A54004A9C4B /* Headers */ = {
			isa = PBXHeadersBuildPhase;
			buildActionMask = 2147483647;
			files = (
			);
			runOnlyForDeploymentPostprocessing = 0;
		};
		056B2FB22E0A4F52004E0EFC /* Headers */ = {
			isa = PBXHeadersBuildPhase;
			buildActionMask = 2147483647;
			files = (
			);
			runOnlyForDeploymentPostprocessing = 0;
		};
/* End PBXHeadersBuildPhase section */

/* Begin PBXLegacyTarget section */
		05596BF02E196B090001384E /* Install */ = {
			isa = PBXLegacyTarget;
			buildArgumentsString = "-f ../Script/install.mk";
			buildConfigurationList = 05596BF32E196B090001384E /* Build configuration list for PBXLegacyTarget "Install" */;
			buildPhases = (
			);
			buildToolPath = /usr/bin/make;
			buildWorkingDirectory = "";
			dependencies = (
				05596BF52E196B140001384E /* PBXTargetDependency */,
				05596BF72E196B140001384E /* PBXTargetDependency */,
			);
			name = Install;
			packageProductDependencies = (
			);
			passBuildSettingsInEnvironment = 1;
			productName = Install;
		};
/* End PBXLegacyTarget section */

/* Begin PBXNativeTarget section */
		051A82B82E196A54004A9C4B /* ArisiaScript_iOS */ = {
			isa = PBXNativeTarget;
			buildConfigurationList = 051A82BF2E196A54004A9C4B /* Build configuration list for PBXNativeTarget "ArisiaScript_iOS" */;
			buildPhases = (
				051A82B42E196A54004A9C4B /* Headers */,
				051A82B52E196A54004A9C4B /* Sources */,
				051A82B62E196A54004A9C4B /* Frameworks */,
				051A82B72E196A54004A9C4B /* Resources */,
			);
			buildRules = (
			);
			dependencies = (
			);
			fileSystemSynchronizedGroups = (
				051A82BA2E196A54004A9C4B /* ArisiaScript_iOS */,
			);
			name = ArisiaScript_iOS;
			packageProductDependencies = (
			);
			productName = ArisiaScript_iOS;
			productReference = 051A82B92E196A54004A9C4B /* ArisiaScript.framework */;
			productType = "com.apple.product-type.framework";
		};
		056B2FB62E0A4F52004E0EFC /* ArisiaScript_macOS */ = {
			isa = PBXNativeTarget;
			buildConfigurationList = 056B2FC02E0A4F52004E0EFC /* Build configuration list for PBXNativeTarget "ArisiaScript_macOS" */;
			buildPhases = (
				056B2FB22E0A4F52004E0EFC /* Headers */,
				056B2FB32E0A4F52004E0EFC /* Sources */,
				056B2FB42E0A4F52004E0EFC /* Frameworks */,
				056B2FB52E0A4F52004E0EFC /* Resources */,
			);
			buildRules = (
			);
			dependencies = (
			);
			fileSystemSynchronizedGroups = (
				056B2FB92E0A4F52004E0EFC /* ArisiaScript_macOS */,
			);
			name = ArisiaScript_macOS;
			packageProductDependencies = (
			);
			productName = ArisiaScript;
			productReference = 056B2FB72E0A4F52004E0EFC /* ArisiaScript.framework */;
			productType = "com.apple.product-type.framework";
		};
		05A6F2652E1AB2EA005A41E5 /* UnitTest */ = {
			isa = PBXNativeTarget;
			buildConfigurationList = 05A6F26A2E1AB2EA005A41E5 /* Build configuration list for PBXNativeTarget "UnitTest" */;
			buildPhases = (
				05A6F2622E1AB2EA005A41E5 /* Sources */,
				05A6F2632E1AB2EA005A41E5 /* Frameworks */,
				05A6F2642E1AB2EA005A41E5 /* CopyFiles */,
			);
			buildRules = (
			);
			dependencies = (
				05A6F26E2E1AB2FB005A41E5 /* PBXTargetDependency */,
			);
			fileSystemSynchronizedGroups = (
				05A6F2672E1AB2EA005A41E5 /* UnitTest */,
			);
			name = UnitTest;
			packageProductDependencies = (
			);
			productName = UnitTest;
			productReference = 05A6F2662E1AB2EA005A41E5 /* UnitTest */;
			productType = "com.apple.product-type.tool";
		};
/* End PBXNativeTarget section */

/* Begin PBXProject section */
		056B2FAE2E0A4F52004E0EFC /* Project object */ = {
			isa = PBXProject;
			attributes = {
				BuildIndependentTargetsInParallel = 1;
				LastSwiftUpdateCheck = 1640;
				LastUpgradeCheck = 1640;
				TargetAttributes = {
					051A82B82E196A54004A9C4B = {
						CreatedOnToolsVersion = 16.4;
					};
					05596BF02E196B090001384E = {
						CreatedOnToolsVersion = 16.4;
					};
					056B2FB62E0A4F52004E0EFC = {
						CreatedOnToolsVersion = 16.4;
					};
					05A6F2652E1AB2EA005A41E5 = {
						CreatedOnToolsVersion = 16.4;
					};
				};
			};
			buildConfigurationList = 056B2FB12E0A4F52004E0EFC /* Build configuration list for PBXProject "ArisiaScript" */;
			developmentRegion = en;
			hasScannedForEncodings = 0;
			knownRegions = (
				en,
				Base,
			);
			mainGroup = 056B2FAD2E0A4F52004E0EFC;
			minimizedProjectReferenceProxies = 1;
			preferredProjectObjectVersion = 77;
			productRefGroup = 056B2FB82E0A4F52004E0EFC /* Products */;
			projectDirPath = "";
			projectRoot = "";
			targets = (
				056B2FB62E0A4F52004E0EFC /* ArisiaScript_macOS */,
				051A82B82E196A54004A9C4B /* ArisiaScript_iOS */,
				05596BF02E196B090001384E /* Install */,
				05A6F2652E1AB2EA005A41E5 /* UnitTest */,
			);
		};
/* End PBXProject section */

/* Begin PBXResourcesBuildPhase section */
		051A82B72E196A54004A9C4B /* Resources */ = {
			isa = PBXResourcesBuildPhase;
			buildActionMask = 2147483647;
			files = (
			);
			runOnlyForDeploymentPostprocessing = 0;
		};
		056B2FB52E0A4F52004E0EFC /* Resources */ = {
			isa = PBXResourcesBuildPhase;
			buildActionMask = 2147483647;
			files = (
			);
			runOnlyForDeploymentPostprocessing = 0;
		};
/* End PBXResourcesBuildPhase section */

/* Begin PBXSourcesBuildPhase section */
		051A82B52E196A54004A9C4B /* Sources */ = {
			isa = PBXSourcesBuildPhase;
			buildActionMask = 2147483647;
			files = (
				05596C172E1971440001384E /* ALFrameParser.swift in Sources */,
				05596C022E196C030001384E /* ALFrame.swift in Sources */,
				05A6F2772E1AB6A5005A41E5 /* ALFrameDumper.swift in Sources */,
			);
			runOnlyForDeploymentPostprocessing = 0;
		};
		056B2FB32E0A4F52004E0EFC /* Sources */ = {
			isa = PBXSourcesBuildPhase;
			buildActionMask = 2147483647;
			files = (
				05596C182E1971440001384E /* ALFrameParser.swift in Sources */,
				05596C012E196C020001384E /* ALFrame.swift in Sources */,
				05A6F2762E1AB6A5005A41E5 /* ALFrameDumper.swift in Sources */,
			);
			runOnlyForDeploymentPostprocessing = 0;
		};
		05A6F2622E1AB2EA005A41E5 /* Sources */ = {
			isa = PBXSourcesBuildPhase;
			buildActionMask = 2147483647;
			files = (
			);
			runOnlyForDeploymentPostprocessing = 0;
		};
/* End PBXSourcesBuildPhase section */

/* Begin PBXTargetDependency section */
		05596BF52E196B140001384E /* PBXTargetDependency */ = {
			isa = PBXTargetDependency;
			target = 051A82B82E196A54004A9C4B /* ArisiaScript_iOS */;
			targetProxy = 05596BF42E196B140001384E /* PBXContainerItemProxy */;
		};
		05596BF72E196B140001384E /* PBXTargetDependency */ = {
			isa = PBXTargetDependency;
			target = 056B2FB62E0A4F52004E0EFC /* ArisiaScript_macOS */;
			targetProxy = 05596BF62E196B140001384E /* PBXContainerItemProxy */;
		};
		05A6F26E2E1AB2FB005A41E5 /* PBXTargetDependency */ = {
			isa = PBXTargetDependency;
			target = 05596BF02E196B090001384E /* Install */;
			targetProxy = 05A6F26D2E1AB2FB005A41E5 /* PBXContainerItemProxy */;
		};
/* End PBXTargetDependency section */

/* Begin XCBuildConfiguration section */
		051A82C02E196A54004A9C4B /* Debug */ = {
			isa = XCBuildConfiguration;
			buildSettings = {
				BUILD_LIBRARY_FOR_DISTRIBUTION = YES;
				CODE_SIGN_STYLE = Automatic;
				CURRENT_PROJECT_VERSION = 1;
				DEVELOPMENT_TEAM = TR2DNF3P93;
				DYLIB_COMPATIBILITY_VERSION = 1;
				DYLIB_CURRENT_VERSION = 1;
				DYLIB_INSTALL_NAME_BASE = "@rpath";
				ENABLE_MODULE_VERIFIER = YES;
				GENERATE_INFOPLIST_FILE = YES;
				INFOPLIST_KEY_NSHumanReadableCopyright = "";
				INSTALL_PATH = "$(HOME)/Library/Frameworks";
				IPHONEOS_DEPLOYMENT_TARGET = 18.5;
				LD_RUNPATH_SEARCH_PATHS = (
					"$(inherited)",
					"@executable_path/Frameworks",
					"@loader_path/Frameworks",
				);
				MARKETING_VERSION = 1.0;
				MODULE_VERIFIER_SUPPORTED_LANGUAGES = "objective-c objective-c++";
				MODULE_VERIFIER_SUPPORTED_LANGUAGE_STANDARDS = "gnu17 gnu++20";
				PRODUCT_BUNDLE_IDENTIFIER = "com.github.steel-wheels.ArisiaScript.iOS.ArisiaScript-iOS";
				PRODUCT_NAME = ArisiaScript;
				SDKROOT = iphoneos;
				SKIP_INSTALL = YES;
				SWIFT_EMIT_LOC_STRINGS = YES;
				SWIFT_INSTALL_MODULE = YES;
				SWIFT_INSTALL_OBJC_HEADER = NO;
				SWIFT_VERSION = 5.0;
				TARGETED_DEVICE_FAMILY = "1,2";
			};
			name = Debug;
		};
		051A82C12E196A54004A9C4B /* Release */ = {
			isa = XCBuildConfiguration;
			buildSettings = {
				BUILD_LIBRARY_FOR_DISTRIBUTION = YES;
				CODE_SIGN_STYLE = Automatic;
				CURRENT_PROJECT_VERSION = 1;
				DEVELOPMENT_TEAM = TR2DNF3P93;
				DYLIB_COMPATIBILITY_VERSION = 1;
				DYLIB_CURRENT_VERSION = 1;
				DYLIB_INSTALL_NAME_BASE = "@rpath";
				ENABLE_MODULE_VERIFIER = YES;
				GENERATE_INFOPLIST_FILE = YES;
				INFOPLIST_KEY_NSHumanReadableCopyright = "";
				INSTALL_PATH = "$(HOME)/Library/Frameworks";
				IPHONEOS_DEPLOYMENT_TARGET = 18.5;
				LD_RUNPATH_SEARCH_PATHS = (
					"$(inherited)",
					"@executable_path/Frameworks",
					"@loader_path/Frameworks",
				);
				MARKETING_VERSION = 1.0;
				MODULE_VERIFIER_SUPPORTED_LANGUAGES = "objective-c objective-c++";
				MODULE_VERIFIER_SUPPORTED_LANGUAGE_STANDARDS = "gnu17 gnu++20";
				PRODUCT_BUNDLE_IDENTIFIER = "com.github.steel-wheels.ArisiaScript.iOS.ArisiaScript-iOS";
				PRODUCT_NAME = ArisiaScript;
				SDKROOT = iphoneos;
				SKIP_INSTALL = YES;
				SWIFT_EMIT_LOC_STRINGS = YES;
				SWIFT_INSTALL_MODULE = YES;
				SWIFT_INSTALL_OBJC_HEADER = NO;
				SWIFT_VERSION = 5.0;
				TARGETED_DEVICE_FAMILY = "1,2";
				VALIDATE_PRODUCT = YES;
			};
			name = Release;
		};
		05596BF12E196B090001384E /* Debug */ = {
			isa = XCBuildConfiguration;
			buildSettings = {
				CODE_SIGN_STYLE = Automatic;
				DEBUGGING_SYMBOLS = YES;
				DEBUG_INFORMATION_FORMAT = dwarf;
				DEVELOPMENT_TEAM = TR2DNF3P93;
				GCC_GENERATE_DEBUGGING_SYMBOLS = YES;
				GCC_OPTIMIZATION_LEVEL = 0;
				OTHER_CFLAGS = "";
				OTHER_LDFLAGS = "";
				PRODUCT_NAME = "$(TARGET_NAME)";
			};
			name = Debug;
		};
		05596BF22E196B090001384E /* Release */ = {
			isa = XCBuildConfiguration;
			buildSettings = {
				CODE_SIGN_STYLE = Automatic;
				DEBUG_INFORMATION_FORMAT = "dwarf-with-dsym";
				DEVELOPMENT_TEAM = TR2DNF3P93;
				OTHER_CFLAGS = "";
				OTHER_LDFLAGS = "";
				PRODUCT_NAME = "$(TARGET_NAME)";
			};
			name = Release;
		};
		056B2FBE2E0A4F52004E0EFC /* Debug */ = {
			isa = XCBuildConfiguration;
			buildSettings = {
				ALWAYS_SEARCH_USER_PATHS = NO;
				ASSETCATALOG_COMPILER_GENERATE_SWIFT_ASSET_SYMBOL_EXTENSIONS = YES;
				CLANG_ANALYZER_NONNULL = YES;
				CLANG_ANALYZER_NUMBER_OBJECT_CONVERSION = YES_AGGRESSIVE;
				CLANG_CXX_LANGUAGE_STANDARD = "gnu++20";
				CLANG_ENABLE_MODULES = YES;
				CLANG_ENABLE_OBJC_ARC = YES;
				CLANG_ENABLE_OBJC_WEAK = YES;
				CLANG_WARN_BLOCK_CAPTURE_AUTORELEASING = YES;
				CLANG_WARN_BOOL_CONVERSION = YES;
				CLANG_WARN_COMMA = YES;
				CLANG_WARN_CONSTANT_CONVERSION = YES;
				CLANG_WARN_DEPRECATED_OBJC_IMPLEMENTATIONS = YES;
				CLANG_WARN_DIRECT_OBJC_ISA_USAGE = YES_ERROR;
				CLANG_WARN_DOCUMENTATION_COMMENTS = YES;
				CLANG_WARN_EMPTY_BODY = YES;
				CLANG_WARN_ENUM_CONVERSION = YES;
				CLANG_WARN_INFINITE_RECURSION = YES;
				CLANG_WARN_INT_CONVERSION = YES;
				CLANG_WARN_NON_LITERAL_NULL_CONVERSION = YES;
				CLANG_WARN_OBJC_IMPLICIT_RETAIN_SELF = YES;
				CLANG_WARN_OBJC_LITERAL_CONVERSION = YES;
				CLANG_WARN_OBJC_ROOT_CLASS = YES_ERROR;
				CLANG_WARN_QUOTED_INCLUDE_IN_FRAMEWORK_HEADER = YES;
				CLANG_WARN_RANGE_LOOP_ANALYSIS = YES;
				CLANG_WARN_STRICT_PROTOTYPES = YES;
				CLANG_WARN_SUSPICIOUS_MOVE = YES;
				CLANG_WARN_UNGUARDED_AVAILABILITY = YES_AGGRESSIVE;
				CLANG_WARN_UNREACHABLE_CODE = YES;
				CLANG_WARN__DUPLICATE_METHOD_MATCH = YES;
				COPY_PHASE_STRIP = NO;
				CURRENT_PROJECT_VERSION = 1;
				DEBUG_INFORMATION_FORMAT = dwarf;
				DEVELOPMENT_TEAM = TR2DNF3P93;
				ENABLE_STRICT_OBJC_MSGSEND = YES;
				ENABLE_TESTABILITY = YES;
				ENABLE_USER_SCRIPT_SANDBOXING = YES;
				GCC_C_LANGUAGE_STANDARD = gnu17;
				GCC_DYNAMIC_NO_PIC = NO;
				GCC_NO_COMMON_BLOCKS = YES;
				GCC_OPTIMIZATION_LEVEL = 0;
				GCC_PREPROCESSOR_DEFINITIONS = (
					"DEBUG=1",
					"$(inherited)",
				);
				GCC_WARN_64_TO_32_BIT_CONVERSION = YES;
				GCC_WARN_ABOUT_RETURN_TYPE = YES_ERROR;
				GCC_WARN_UNDECLARED_SELECTOR = YES;
				GCC_WARN_UNINITIALIZED_AUTOS = YES_AGGRESSIVE;
				GCC_WARN_UNUSED_FUNCTION = YES;
				GCC_WARN_UNUSED_VARIABLE = YES;
				LOCALIZATION_PREFERS_STRING_CATALOGS = YES;
				MACOSX_DEPLOYMENT_TARGET = 15.5;
				MTL_ENABLE_DEBUG_INFO = INCLUDE_SOURCE;
				MTL_FAST_MATH = YES;
				ONLY_ACTIVE_ARCH = YES;
				SDKROOT = macosx;
				SWIFT_ACTIVE_COMPILATION_CONDITIONS = "DEBUG $(inherited)";
				SWIFT_OPTIMIZATION_LEVEL = "-Onone";
				VERSIONING_SYSTEM = "apple-generic";
				VERSION_INFO_PREFIX = "";
			};
			name = Debug;
		};
		056B2FBF2E0A4F52004E0EFC /* Release */ = {
			isa = XCBuildConfiguration;
			buildSettings = {
				ALWAYS_SEARCH_USER_PATHS = NO;
				ASSETCATALOG_COMPILER_GENERATE_SWIFT_ASSET_SYMBOL_EXTENSIONS = YES;
				CLANG_ANALYZER_NONNULL = YES;
				CLANG_ANALYZER_NUMBER_OBJECT_CONVERSION = YES_AGGRESSIVE;
				CLANG_CXX_LANGUAGE_STANDARD = "gnu++20";
				CLANG_ENABLE_MODULES = YES;
				CLANG_ENABLE_OBJC_ARC = YES;
				CLANG_ENABLE_OBJC_WEAK = YES;
				CLANG_WARN_BLOCK_CAPTURE_AUTORELEASING = YES;
				CLANG_WARN_BOOL_CONVERSION = YES;
				CLANG_WARN_COMMA = YES;
				CLANG_WARN_CONSTANT_CONVERSION = YES;
				CLANG_WARN_DEPRECATED_OBJC_IMPLEMENTATIONS = YES;
				CLANG_WARN_DIRECT_OBJC_ISA_USAGE = YES_ERROR;
				CLANG_WARN_DOCUMENTATION_COMMENTS = YES;
				CLANG_WARN_EMPTY_BODY = YES;
				CLANG_WARN_ENUM_CONVERSION = YES;
				CLANG_WARN_INFINITE_RECURSION = YES;
				CLANG_WARN_INT_CONVERSION = YES;
				CLANG_WARN_NON_LITERAL_NULL_CONVERSION = YES;
				CLANG_WARN_OBJC_IMPLICIT_RETAIN_SELF = YES;
				CLANG_WARN_OBJC_LITERAL_CONVERSION = YES;
				CLANG_WARN_OBJC_ROOT_CLASS = YES_ERROR;
				CLANG_WARN_QUOTED_INCLUDE_IN_FRAMEWORK_HEADER = YES;
				CLANG_WARN_RANGE_LOOP_ANALYSIS = YES;
				CLANG_WARN_STRICT_PROTOTYPES = YES;
				CLANG_WARN_SUSPICIOUS_MOVE = YES;
				CLANG_WARN_UNGUARDED_AVAILABILITY = YES_AGGRESSIVE;
				CLANG_WARN_UNREACHABLE_CODE = YES;
				CLANG_WARN__DUPLICATE_METHOD_MATCH = YES;
				COPY_PHASE_STRIP = NO;
				CURRENT_PROJECT_VERSION = 1;
				DEBUG_INFORMATION_FORMAT = "dwarf-with-dsym";
				DEVELOPMENT_TEAM = TR2DNF3P93;
				ENABLE_NS_ASSERTIONS = NO;
				ENABLE_STRICT_OBJC_MSGSEND = YES;
				ENABLE_USER_SCRIPT_SANDBOXING = YES;
				GCC_C_LANGUAGE_STANDARD = gnu17;
				GCC_NO_COMMON_BLOCKS = YES;
				GCC_WARN_64_TO_32_BIT_CONVERSION = YES;
				GCC_WARN_ABOUT_RETURN_TYPE = YES_ERROR;
				GCC_WARN_UNDECLARED_SELECTOR = YES;
				GCC_WARN_UNINITIALIZED_AUTOS = YES_AGGRESSIVE;
				GCC_WARN_UNUSED_FUNCTION = YES;
				GCC_WARN_UNUSED_VARIABLE = YES;
				LOCALIZATION_PREFERS_STRING_CATALOGS = YES;
				MACOSX_DEPLOYMENT_TARGET = 15.5;
				MTL_ENABLE_DEBUG_INFO = NO;
				MTL_FAST_MATH = YES;
				SDKROOT = macosx;
				SWIFT_COMPILATION_MODE = wholemodule;
				VERSIONING_SYSTEM = "apple-generic";
				VERSION_INFO_PREFIX = "";
			};
			name = Release;
		};
		056B2FC12E0A4F52004E0EFC /* Debug */ = {
			isa = XCBuildConfiguration;
			buildSettings = {
				BUILD_LIBRARY_FOR_DISTRIBUTION = YES;
				CODE_SIGN_STYLE = Automatic;
				COMBINE_HIDPI_IMAGES = YES;
				CURRENT_PROJECT_VERSION = 1;
				DEVELOPMENT_TEAM = TR2DNF3P93;
				DYLIB_COMPATIBILITY_VERSION = 1;
				DYLIB_CURRENT_VERSION = 1;
				DYLIB_INSTALL_NAME_BASE = "@rpath";
				ENABLE_MODULE_VERIFIER = YES;
				GENERATE_INFOPLIST_FILE = YES;
				INFOPLIST_KEY_NSHumanReadableCopyright = "";
				INSTALL_PATH = "$(HOME)/Libraries/Frameworks";
				LD_RUNPATH_SEARCH_PATHS = (
					"$(inherited)",
					"@executable_path/../Frameworks",
					"@loader_path/Frameworks",
				);
				MARKETING_VERSION = 1.0;
				MODULE_VERIFIER_SUPPORTED_LANGUAGES = "objective-c objective-c++";
				MODULE_VERIFIER_SUPPORTED_LANGUAGE_STANDARDS = "gnu17 gnu++20";
				PRODUCT_BUNDLE_IDENTIFIER = "com.github.steel-wheels.ArisiaScript.macOS";
				PRODUCT_NAME = ArisiaScript;
				SKIP_INSTALL = YES;
				SWIFT_EMIT_LOC_STRINGS = YES;
				SWIFT_INSTALL_MODULE = YES;
				SWIFT_INSTALL_OBJC_HEADER = NO;
				SWIFT_VERSION = 5.0;
			};
			name = Debug;
		};
		056B2FC22E0A4F52004E0EFC /* Release */ = {
			isa = XCBuildConfiguration;
			buildSettings = {
				BUILD_LIBRARY_FOR_DISTRIBUTION = YES;
				CODE_SIGN_STYLE = Automatic;
				COMBINE_HIDPI_IMAGES = YES;
				CURRENT_PROJECT_VERSION = 1;
				DEVELOPMENT_TEAM = TR2DNF3P93;
				DYLIB_COMPATIBILITY_VERSION = 1;
				DYLIB_CURRENT_VERSION = 1;
				DYLIB_INSTALL_NAME_BASE = "@rpath";
				ENABLE_MODULE_VERIFIER = YES;
				GENERATE_INFOPLIST_FILE = YES;
				INFOPLIST_KEY_NSHumanReadableCopyright = "";
				INSTALL_PATH = "$(HOME)/Libraries/Frameworks";
				LD_RUNPATH_SEARCH_PATHS = (
					"$(inherited)",
					"@executable_path/../Frameworks",
					"@loader_path/Frameworks",
				);
				MARKETING_VERSION = 1.0;
				MODULE_VERIFIER_SUPPORTED_LANGUAGES = "objective-c objective-c++";
				MODULE_VERIFIER_SUPPORTED_LANGUAGE_STANDARDS = "gnu17 gnu++20";
				PRODUCT_BUNDLE_IDENTIFIER = "com.github.steel-wheels.ArisiaScript.macOS";
				PRODUCT_NAME = ArisiaScript;
				SKIP_INSTALL = YES;
				SWIFT_EMIT_LOC_STRINGS = YES;
				SWIFT_INSTALL_MODULE = YES;
				SWIFT_INSTALL_OBJC_HEADER = NO;
				SWIFT_VERSION = 5.0;
			};
			name = Release;
		};
		05A6F26B2E1AB2EA005A41E5 /* Debug */ = {
			isa = XCBuildConfiguration;
			buildSettings = {
				CODE_SIGN_STYLE = Automatic;
				DEVELOPMENT_TEAM = TR2DNF3P93;
				ENABLE_HARDENED_RUNTIME = YES;
				PRODUCT_NAME = "$(TARGET_NAME)";
				SWIFT_VERSION = 5.0;
			};
			name = Debug;
		};
		05A6F26C2E1AB2EA005A41E5 /* Release */ = {
			isa = XCBuildConfiguration;
			buildSettings = {
				CODE_SIGN_STYLE = Automatic;
				DEVELOPMENT_TEAM = TR2DNF3P93;
				ENABLE_HARDENED_RUNTIME = YES;
				PRODUCT_NAME = "$(TARGET_NAME)";
				SWIFT_VERSION = 5.0;
			};
			name = Release;
		};
/* End XCBuildConfiguration section */

/* Begin XCConfigurationList section */
		051A82BF2E196A54004A9C4B /* Build configuration list for PBXNativeTarget "ArisiaScript_iOS" */ = {
			isa = XCConfigurationList;
			buildConfigurations = (
				051A82C02E196A54004A9C4B /* Debug */,
				051A82C12E196A54004A9C4B /* Release */,
			);
			defaultConfigurationIsVisible = 0;
			defaultConfigurationName = Release;
		};
		05596BF32E196B090001384E /* Build configuration list for PBXLegacyTarget "Install" */ = {
			isa = XCConfigurationList;
			buildConfigurations = (
				05596BF12E196B090001384E /* Debug */,
				05596BF22E196B090001384E /* Release */,
			);
			defaultConfigurationIsVisible = 0;
			defaultConfigurationName = Release;
		};
		056B2FB12E0A4F52004E0EFC /* Build configuration list for PBXProject "ArisiaScript" */ = {
			isa = XCConfigurationList;
			buildConfigurations = (
				056B2FBE2E0A4F52004E0EFC /* Debug */,
				056B2FBF2E0A4F52004E0EFC /* Release */,
			);
			defaultConfigurationIsVisible = 0;
			defaultConfigurationName = Release;
		};
		056B2FC02E0A4F52004E0EFC /* Build configuration list for PBXNativeTarget "ArisiaScript_macOS" */ = {
			isa = XCConfigurationList;
			buildConfigurations = (
				056B2FC12E0A4F52004E0EFC /* Debug */,
				056B2FC22E0A4F52004E0EFC /* Release */,
			);
			defaultConfigurationIsVisible = 0;
			defaultConfigurationName = Release;
		};
		05A6F26A2E1AB2EA005A41E5 /* Build configuration list for PBXNativeTarget "UnitTest" */ = {
			isa = XCConfigurationList;
			buildConfigurations = (
				05A6F26B2E1AB2EA005A41E5 /* Debug */,
				05A6F26C2E1AB2EA005A41E5 /* Release */,
			);
			defaultConfigurationIsVisible = 0;
			defaultConfigurationName = Release;
		};
/* End XCConfigurationList section */
	};
	rootObject = 056B2FAE2E0A4F52004E0EFC /* Project object */;
}
